
Microsoft Visual Studio Solution File, Format Version 12.00
# Visual Studio 15
VisualStudioVersion = 15.0.26124.0
MinimumVisualStudioVersion = 15.0.26124.0
Project("{2150E333-8FDC-42A3-9474-1A3956D46DE8}") = "tests", "tests", "{21597573-6A23-4E4A-A207-40693058D263}"
EndProject
Project("{FAE04EC0-301F-11D3-BF4B-00C04F79EFBC}") = "Options.Tests", "tests\Options.Tests\Options.Tests.csproj", "{561C35AD-371D-4E2E-94DF-5B6246A2AAA8}"
EndProject
Project("{2150E333-8FDC-42A3-9474-1A3956D46DE8}") = "src", "src", "{4157A949-C490-4233-AD32-F5A100ADDC01}"
EndProject
Project("{FAE04EC0-301F-11D3-BF4B-00C04F79EFBC}") = "OptionsSample", "src\OptionsSample\OptionsSample.csproj", "{E2151E33-D1E4-4F1B-A82B-1BDE75B81C8C}"
EndProject
Global
	GlobalSection(SolutionConfigurationPlatforms) = preSolution
		Debug|Any CPU = Debug|Any CPU
		Debug|x64 = Debug|x64
		Debug|x86 = Debug|x86
		Release|Any CPU = Release|Any CPU
		Release|x64 = Release|x64
		Release|x86 = Release|x86
	EndGlobalSection
	GlobalSection(SolutionProperties) = preSolution
		HideSolutionNode = FALSE
	EndGlobalSection
	GlobalSection(ProjectConfigurationPlatforms) = postSolution
		{561C35AD-371D-4E2E-94DF-5B6246A2AAA8}.Debug|Any CPU.ActiveCfg = Debug|Any CPU
		{561C35AD-371D-4E2E-94DF-5B6246A2AAA8}.Debug|Any CPU.Build.0 = Debug|Any CPU
		{561C35AD-371D-4E2E-94DF-5B6246A2AAA8}.Debug|x64.ActiveCfg = Debug|Any CPU
		{561C35AD-371D-4E2E-94DF-5B6246A2AAA8}.Debug|x64.Build.0 = Debug|Any CPU
		{561C35AD-371D-4E2E-94DF-5B6246A2AAA8}.Debug|x86.ActiveCfg = Debug|Any CPU
		{561C35AD-371D-4E2E-94DF-5B6246A2AAA8}.Debug|x86.Build.0 = Debug|Any CPU
		{561C35AD-371D-4E2E-94DF-5B6246A2AAA8}.Release|Any CPU.ActiveCfg = Release|Any CPU
		{561C35AD-371D-4E2E-94DF-5B6246A2AAA8}.Release|Any CPU.Build.0 = Release|Any CPU
		{561C35AD-371D-4E2E-94DF-5B6246A2AAA8}.Release|x64.ActiveCfg = Release|Any CPU
		{561C35AD-371D-4E2E-94DF-5B6246A2AAA8}.Release|x64.Build.0 = Release|Any CPU
		{561C35AD-371D-4E2E-94DF-5B6246A2AAA8}.Release|x86.ActiveCfg = Release|Any CPU
		{561C35AD-371D-4E2E-94DF-5B6246A2AAA8}.Release|x86.Build.0 = Release|Any CPU
		{E2151E33-D1E4-4F1B-A82B-1BDE75B81C8C}.Debug|Any CPU.ActiveCfg = Debug|Any CPU
		{E2151E33-D1E4-4F1B-A82B-1BDE75B81C8C}.Debug|Any CPU.Build.0 = Debug|Any CPU
		{E2151E33-D1E4-4F1B-A82B-1BDE75B81C8C}.Debug|x64.ActiveCfg = Debug|Any CPU
		{E2151E33-D1E4-4F1B-A82B-1BDE75B81C8C}.Debug|x64.Build.0 = Debug|Any CPU
		{E2151E33-D1E4-4F1B-A82B-1BDE75B81C8C}.Debug|x86.ActiveCfg = Debug|Any CPU
		{E2151E33-D1E4-4F1B-A82B-1BDE75B81C8C}.Debug|x86.Build.0 = Debug|Any CPU
		{E2151E33-D1E4-4F1B-A82B-1BDE75B81C8C}.Release|Any CPU.ActiveCfg = Release|Any CPU
		{E2151E33-D1E4-4F1B-A82B-1BDE75B81C8C}.Release|Any CPU.Build.0 = Release|Any CPU
		{E2151E33-D1E4-4F1B-A82B-1BDE75B81C8C}.Release|x64.ActiveCfg = Release|Any CPU
		{E2151E33-D1E4-4F1B-A82B-1BDE75B81C8C}.Release|x64.Build.0 = Release|Any CPU
		{E2151E33-D1E4-4F1B-A82B-1BDE75B81C8C}.Release|x86.ActiveCfg = Release|Any CPU
		{E2151E33-D1E4-4F1B-A82B-1BDE75B81C8C}.Release|x86.Build.0 = Release|Any CPU
	EndGlobalSection
	GlobalSection(NestedProjects) = preSolution
		{561C35AD-371D-4E2E-94DF-5B6246A2AAA8} = {21597573-6A23-4E4A-A207-40693058D263}
		{E2151E33-D1E4-4F1B-A82B-1BDE75B81C8C} = {4157A949-C490-4233-AD32-F5A100ADDC01}
	EndGlobalSection
EndGlobal
